// !$*UTF8*$!
{
	archiveVersion = 1;
	classes = {
	};
	objectVersion = 56;
	objects = {

/* Begin PBXBuildFile section */
		810095A12A21E13C00ACC526 /* CustomElementType.swift in Sources */ = {isa = PBXBuildFile; fileRef = 810095A02A21E13C00ACC526 /* CustomElementType.swift */; };
		810095A52A21EA2400ACC526 /* AccountModel.swift in Sources */ = {isa = PBXBuildFile; fileRef = 810095A42A21EA2400ACC526 /* AccountModel.swift */; };
		818C77F92A2085200048FFBB /* AppDelegate.swift in Sources */ = {isa = PBXBuildFile; fileRef = 818C77F82A2085200048FFBB /* AppDelegate.swift */; };
		818C77FB2A2085200048FFBB /* SceneDelegate.swift in Sources */ = {isa = PBXBuildFile; fileRef = 818C77FA2A2085200048FFBB /* SceneDelegate.swift */; };
		818C77FD2A2085200048FFBB /* AccountsListViewController.swift in Sources */ = {isa = PBXBuildFile; fileRef = 818C77FC2A2085200048FFBB /* AccountsListViewController.swift */; };
		818C78022A2085220048FFBB /* Assets.xcassets in Resources */ = {isa = PBXBuildFile; fileRef = 818C78012A2085220048FFBB /* Assets.xcassets */; };
		818C78052A2085220048FFBB /* LaunchScreen.storyboard in Resources */ = {isa = PBXBuildFile; fileRef = 818C78032A2085220048FFBB /* LaunchScreen.storyboard */; };
		818C780F2A2087A70048FFBB /* AccountsListVM.swift in Sources */ = {isa = PBXBuildFile; fileRef = 818C780E2A2087A70048FFBB /* AccountsListVM.swift */; };
		818C78132A208A230048FFBB /* APIAccount.swift in Sources */ = {isa = PBXBuildFile; fileRef = 818C78122A208A230048FFBB /* APIAccount.swift */; };
		818C78162A20925E0048FFBB /* AccountCell.swift in Sources */ = {isa = PBXBuildFile; fileRef = 818C78152A20925E0048FFBB /* AccountCell.swift */; };
		818C78192A20A17A0048FFBB /* UITableViewCell+Ext.swift in Sources */ = {isa = PBXBuildFile; fileRef = 818C78182A20A17A0048FFBB /* UITableViewCell+Ext.swift */; };
		818C781C2A20A8010048FFBB /* Endpoint.swift in Sources */ = {isa = PBXBuildFile; fileRef = 818C781B2A20A8010048FFBB /* Endpoint.swift */; };
		818C781E2A20A8380048FFBB /* RequestMethod.swift in Sources */ = {isa = PBXBuildFile; fileRef = 818C781D2A20A8380048FFBB /* RequestMethod.swift */; };
		818C78202A20A86D0048FFBB /* AccountsEndpoint.swift in Sources */ = {isa = PBXBuildFile; fileRef = 818C781F2A20A86D0048FFBB /* AccountsEndpoint.swift */; };
		818C78232A20AACD0048FFBB /* HTTPClient.swift in Sources */ = {isa = PBXBuildFile; fileRef = 818C78222A20AACD0048FFBB /* HTTPClient.swift */; };
		818C78252A20ABE80048FFBB /* RequestError.swift in Sources */ = {isa = PBXBuildFile; fileRef = 818C78242A20ABE80048FFBB /* RequestError.swift */; };
		818C78282A20AC500048FFBB /* FetchAccountsUC.swift in Sources */ = {isa = PBXBuildFile; fileRef = 818C78272A20AC500048FFBB /* FetchAccountsUC.swift */; };
		818C782B2A20AC740048FFBB /* AccountsRepo.swift in Sources */ = {isa = PBXBuildFile; fileRef = 818C782A2A20AC740048FFBB /* AccountsRepo.swift */; };
		818C782D2A20AE7D0048FFBB /* Combine+Networking.swift in Sources */ = {isa = PBXBuildFile; fileRef = 818C782C2A20AE7D0048FFBB /* Combine+Networking.swift */; };
		818C78302A20B91A0048FFBB /* DependencyContainer.swift in Sources */ = {isa = PBXBuildFile; fileRef = 818C782F2A20B91A0048FFBB /* DependencyContainer.swift */; };
		818C78322A20B9870048FFBB /* DInjection.swift in Sources */ = {isa = PBXBuildFile; fileRef = 818C78312A20B9870048FFBB /* DInjection.swift */; };
		818C78342A20BA150048FFBB /* Injected.swift in Sources */ = {isa = PBXBuildFile; fileRef = 818C78332A20BA150048FFBB /* Injected.swift */; };
		818C78362A20D9410048FFBB /* APIAccountDetails.swift in Sources */ = {isa = PBXBuildFile; fileRef = 818C78352A20D9410048FFBB /* APIAccountDetails.swift */; };
		818C78382A20DAE20048FFBB /* FetchAccountDetailsUC.swift in Sources */ = {isa = PBXBuildFile; fileRef = 818C78372A20DAE20048FFBB /* FetchAccountDetailsUC.swift */; };
		818C783B2A20DB780048FFBB /* AccountDetailsViewController.swift in Sources */ = {isa = PBXBuildFile; fileRef = 818C783A2A20DB780048FFBB /* AccountDetailsViewController.swift */; };
		818C783D2A20DB870048FFBB /* AccountDetailsVM.swift in Sources */ = {isa = PBXBuildFile; fileRef = 818C783C2A20DB870048FFBB /* AccountDetailsVM.swift */; };
		818C783F2A20E5310048FFBB /* Authorization.swift in Sources */ = {isa = PBXBuildFile; fileRef = 818C783E2A20E5310048FFBB /* Authorization.swift */; };
		818F232A2A239A7E00C68A37 /* String+Ext.swift in Sources */ = {isa = PBXBuildFile; fileRef = 818F23292A239A7E00C68A37 /* String+Ext.swift */; };
		819E76C72A2240C200626536 /* TransactionsResponseModel.swift in Sources */ = {isa = PBXBuildFile; fileRef = 819E76C62A2240C200626536 /* TransactionsResponseModel.swift */; };
		81DCD4692A21F4E7000D6542 /* AccountDetailsModel.swift in Sources */ = {isa = PBXBuildFile; fileRef = 81DCD4682A21F4E7000D6542 /* AccountDetailsModel.swift */; };
		81DCD46B2A21F571000D6542 /* AccountDetailsCell.swift in Sources */ = {isa = PBXBuildFile; fileRef = 81DCD46A2A21F571000D6542 /* AccountDetailsCell.swift */; };
		81DCD46F2A220C7A000D6542 /* TransactionCellTableViewCell.swift in Sources */ = {isa = PBXBuildFile; fileRef = 81DCD46E2A220C7A000D6542 /* TransactionCellTableViewCell.swift */; };
		81FEAB962A21153100DBE544 /* APITransactionsResponse.swift in Sources */ = {isa = PBXBuildFile; fileRef = 81FEAB952A21153100DBE544 /* APITransactionsResponse.swift */; };
		81FEAB982A21173300DBE544 /* FetchTransactionsUC.swift in Sources */ = {isa = PBXBuildFile; fileRef = 81FEAB972A21173300DBE544 /* FetchTransactionsUC.swift */; };
		93E423752A2626EE007C3ACE /* CoreDataManager.swift in Sources */ = {isa = PBXBuildFile; fileRef = 93E423742A2626EE007C3ACE /* CoreDataManager.swift */; };
		93E423782A262771007C3ACE /* AdvantageDataModel.xcdatamodeld in Sources */ = {isa = PBXBuildFile; fileRef = 93E423762A262771007C3ACE /* AdvantageDataModel.xcdatamodeld */; };
/* End PBXBuildFile section */

/* Begin PBXFileReference section */
		810095A02A21E13C00ACC526 /* CustomElementType.swift */ = {isa = PBXFileReference; lastKnownFileType = sourcecode.swift; path = CustomElementType.swift; sourceTree = "<group>"; };
		810095A42A21EA2400ACC526 /* AccountModel.swift */ = {isa = PBXFileReference; lastKnownFileType = sourcecode.swift; path = AccountModel.swift; sourceTree = "<group>"; };
		818C77F52A2085200048FFBB /* advantange-asignment.app */ = {isa = PBXFileReference; explicitFileType = wrapper.application; includeInIndex = 0; path = "advantange-asignment.app"; sourceTree = BUILT_PRODUCTS_DIR; };
		818C77F82A2085200048FFBB /* AppDelegate.swift */ = {isa = PBXFileReference; lastKnownFileType = sourcecode.swift; path = AppDelegate.swift; sourceTree = "<group>"; };
		818C77FA2A2085200048FFBB /* SceneDelegate.swift */ = {isa = PBXFileReference; lastKnownFileType = sourcecode.swift; path = SceneDelegate.swift; sourceTree = "<group>"; };
		818C77FC2A2085200048FFBB /* AccountsListViewController.swift */ = {isa = PBXFileReference; lastKnownFileType = sourcecode.swift; path = AccountsListViewController.swift; sourceTree = "<group>"; };
		818C78012A2085220048FFBB /* Assets.xcassets */ = {isa = PBXFileReference; lastKnownFileType = folder.assetcatalog; path = Assets.xcassets; sourceTree = "<group>"; };
		818C78042A2085220048FFBB /* Base */ = {isa = PBXFileReference; lastKnownFileType = file.storyboard; name = Base; path = Base.lproj/LaunchScreen.storyboard; sourceTree = "<group>"; };
		818C78062A2085220048FFBB /* Info.plist */ = {isa = PBXFileReference; lastKnownFileType = text.plist.xml; path = Info.plist; sourceTree = "<group>"; };
		818C780E2A2087A70048FFBB /* AccountsListVM.swift */ = {isa = PBXFileReference; lastKnownFileType = sourcecode.swift; path = AccountsListVM.swift; sourceTree = "<group>"; };
		818C78122A208A230048FFBB /* APIAccount.swift */ = {isa = PBXFileReference; lastKnownFileType = sourcecode.swift; path = APIAccount.swift; sourceTree = "<group>"; };
		818C78152A20925E0048FFBB /* AccountCell.swift */ = {isa = PBXFileReference; lastKnownFileType = sourcecode.swift; path = AccountCell.swift; sourceTree = "<group>"; };
		818C78182A20A17A0048FFBB /* UITableViewCell+Ext.swift */ = {isa = PBXFileReference; lastKnownFileType = sourcecode.swift; path = "UITableViewCell+Ext.swift"; sourceTree = "<group>"; };
		818C781B2A20A8010048FFBB /* Endpoint.swift */ = {isa = PBXFileReference; lastKnownFileType = sourcecode.swift; path = Endpoint.swift; sourceTree = "<group>"; };
		818C781D2A20A8380048FFBB /* RequestMethod.swift */ = {isa = PBXFileReference; lastKnownFileType = sourcecode.swift; path = RequestMethod.swift; sourceTree = "<group>"; };
		818C781F2A20A86D0048FFBB /* AccountsEndpoint.swift */ = {isa = PBXFileReference; lastKnownFileType = sourcecode.swift; path = AccountsEndpoint.swift; sourceTree = "<group>"; };
		818C78222A20AACD0048FFBB /* HTTPClient.swift */ = {isa = PBXFileReference; lastKnownFileType = sourcecode.swift; path = HTTPClient.swift; sourceTree = "<group>"; };
		818C78242A20ABE80048FFBB /* RequestError.swift */ = {isa = PBXFileReference; lastKnownFileType = sourcecode.swift; path = RequestError.swift; sourceTree = "<group>"; };
		818C78272A20AC500048FFBB /* FetchAccountsUC.swift */ = {isa = PBXFileReference; lastKnownFileType = sourcecode.swift; path = FetchAccountsUC.swift; sourceTree = "<group>"; };
		818C782A2A20AC740048FFBB /* AccountsRepo.swift */ = {isa = PBXFileReference; lastKnownFileType = sourcecode.swift; path = AccountsRepo.swift; sourceTree = "<group>"; };
		818C782C2A20AE7D0048FFBB /* Combine+Networking.swift */ = {isa = PBXFileReference; lastKnownFileType = sourcecode.swift; path = "Combine+Networking.swift"; sourceTree = "<group>"; };
		818C782F2A20B91A0048FFBB /* DependencyContainer.swift */ = {isa = PBXFileReference; lastKnownFileType = sourcecode.swift; path = DependencyContainer.swift; sourceTree = "<group>"; };
		818C78312A20B9870048FFBB /* DInjection.swift */ = {isa = PBXFileReference; lastKnownFileType = sourcecode.swift; path = DInjection.swift; sourceTree = "<group>"; };
		818C78332A20BA150048FFBB /* Injected.swift */ = {isa = PBXFileReference; lastKnownFileType = sourcecode.swift; path = Injected.swift; sourceTree = "<group>"; };
		818C78352A20D9410048FFBB /* APIAccountDetails.swift */ = {isa = PBXFileReference; lastKnownFileType = sourcecode.swift; path = APIAccountDetails.swift; sourceTree = "<group>"; };
		818C78372A20DAE20048FFBB /* FetchAccountDetailsUC.swift */ = {isa = PBXFileReference; lastKnownFileType = sourcecode.swift; path = FetchAccountDetailsUC.swift; sourceTree = "<group>"; };
		818C783A2A20DB780048FFBB /* AccountDetailsViewController.swift */ = {isa = PBXFileReference; lastKnownFileType = sourcecode.swift; path = AccountDetailsViewController.swift; sourceTree = "<group>"; };
		818C783C2A20DB870048FFBB /* AccountDetailsVM.swift */ = {isa = PBXFileReference; lastKnownFileType = sourcecode.swift; path = AccountDetailsVM.swift; sourceTree = "<group>"; };
		818C783E2A20E5310048FFBB /* Authorization.swift */ = {isa = PBXFileReference; lastKnownFileType = sourcecode.swift; path = Authorization.swift; sourceTree = "<group>"; };
		818F23292A239A7E00C68A37 /* String+Ext.swift */ = {isa = PBXFileReference; lastKnownFileType = sourcecode.swift; path = "String+Ext.swift"; sourceTree = "<group>"; };
		819E76C62A2240C200626536 /* TransactionsResponseModel.swift */ = {isa = PBXFileReference; lastKnownFileType = sourcecode.swift; path = TransactionsResponseModel.swift; sourceTree = "<group>"; };
		81DCD4682A21F4E7000D6542 /* AccountDetailsModel.swift */ = {isa = PBXFileReference; lastKnownFileType = sourcecode.swift; path = AccountDetailsModel.swift; sourceTree = "<group>"; };
		81DCD46A2A21F571000D6542 /* AccountDetailsCell.swift */ = {isa = PBXFileReference; lastKnownFileType = sourcecode.swift; path = AccountDetailsCell.swift; sourceTree = "<group>"; };
		81DCD46E2A220C7A000D6542 /* TransactionCellTableViewCell.swift */ = {isa = PBXFileReference; lastKnownFileType = sourcecode.swift; path = TransactionCellTableViewCell.swift; sourceTree = "<group>"; };
		81FEAB952A21153100DBE544 /* APITransactionsResponse.swift */ = {isa = PBXFileReference; lastKnownFileType = sourcecode.swift; path = APITransactionsResponse.swift; sourceTree = "<group>"; };
		81FEAB972A21173300DBE544 /* FetchTransactionsUC.swift */ = {isa = PBXFileReference; lastKnownFileType = sourcecode.swift; path = FetchTransactionsUC.swift; sourceTree = "<group>"; };
		93E423742A2626EE007C3ACE /* CoreDataManager.swift */ = {isa = PBXFileReference; lastKnownFileType = sourcecode.swift; path = CoreDataManager.swift; sourceTree = "<group>"; };
		93E423772A262771007C3ACE /* AdvantageDataModel.xcdatamodel */ = {isa = PBXFileReference; lastKnownFileType = wrapper.xcdatamodel; path = AdvantageDataModel.xcdatamodel; sourceTree = "<group>"; };
/* End PBXFileReference section */

/* Begin PBXFrameworksBuildPhase section */
		818C77F22A2085200048FFBB /* Frameworks */ = {
			isa = PBXFrameworksBuildPhase;
			buildActionMask = 2147483647;
			files = (
			);
			runOnlyForDeploymentPostprocessing = 0;
		};
/* End PBXFrameworksBuildPhase section */

/* Begin PBXGroup section */
		8100959F2A21E0F500ACC526 /* Models */ = {
			isa = PBXGroup;
			children = (
				810095A02A21E13C00ACC526 /* CustomElementType.swift */,
				810095A42A21EA2400ACC526 /* AccountModel.swift */,
				81DCD4682A21F4E7000D6542 /* AccountDetailsModel.swift */,
				819E76C62A2240C200626536 /* TransactionsResponseModel.swift */,
			);
			path = Models;
			sourceTree = "<group>";
		};
		818C77EC2A2085200048FFBB = {
			isa = PBXGroup;
			children = (
				818C77F72A2085200048FFBB /* advantange-asignment */,
				818C77F62A2085200048FFBB /* Products */,
			);
			sourceTree = "<group>";
		};
		818C77F62A2085200048FFBB /* Products */ = {
			isa = PBXGroup;
			children = (
				818C77F52A2085200048FFBB /* advantange-asignment.app */,
			);
			name = Products;
			sourceTree = "<group>";
		};
		818C77F72A2085200048FFBB /* advantange-asignment */ = {
			isa = PBXGroup;
			children = (
				93E423732A2626DC007C3ACE /* Core Data */,
				818C782E2A20B8EE0048FFBB /* DependencyInjection */,
				818C78292A20AC670048FFBB /* Repositories */,
				818C78172A20A1640048FFBB /* Extensions */,
				818C78102A2089FA0048FFBB /* Networking */,
				818C78262A20AC390048FFBB /* UseCases */,
				818C780D2A20877C0048FFBB /* UI */,
				818C77F82A2085200048FFBB /* AppDelegate.swift */,
				818C77FA2A2085200048FFBB /* SceneDelegate.swift */,
				818C78012A2085220048FFBB /* Assets.xcassets */,
				818C78032A2085220048FFBB /* LaunchScreen.storyboard */,
				818C78062A2085220048FFBB /* Info.plist */,
				93E423762A262771007C3ACE /* AdvantageDataModel.xcdatamodeld */,
			);
			path = "advantange-asignment";
			sourceTree = "<group>";
		};
		818C780C2A20876B0048FFBB /* Accounts List */ = {
			isa = PBXGroup;
			children = (
				818C77FC2A2085200048FFBB /* AccountsListViewController.swift */,
				818C780E2A2087A70048FFBB /* AccountsListVM.swift */,
			);
			path = "Accounts List";
			sourceTree = "<group>";
		};
		818C780D2A20877C0048FFBB /* UI */ = {
			isa = PBXGroup;
			children = (
				8100959F2A21E0F500ACC526 /* Models */,
				818C78142A20923C0048FFBB /* Cells */,
				818C78392A20DB5B0048FFBB /* Account Details */,
				818C780C2A20876B0048FFBB /* Accounts List */,
			);
			path = UI;
			sourceTree = "<group>";
		};
		818C78102A2089FA0048FFBB /* Networking */ = {
			isa = PBXGroup;
			children = (
				818C78212A20AABC0048FFBB /* Clent */,
				818C781A2A20A7F50048FFBB /* Base */,
				818C78112A208A010048FFBB /* Codables */,
			);
			path = Networking;
			sourceTree = "<group>";
		};
		818C78112A208A010048FFBB /* Codables */ = {
			isa = PBXGroup;
			children = (
				818C78122A208A230048FFBB /* APIAccount.swift */,
				818C78352A20D9410048FFBB /* APIAccountDetails.swift */,
				81FEAB952A21153100DBE544 /* APITransactionsResponse.swift */,
			);
			path = Codables;
			sourceTree = "<group>";
		};
		818C78142A20923C0048FFBB /* Cells */ = {
			isa = PBXGroup;
			children = (
				818C78152A20925E0048FFBB /* AccountCell.swift */,
				81DCD46A2A21F571000D6542 /* AccountDetailsCell.swift */,
				81DCD46E2A220C7A000D6542 /* TransactionCellTableViewCell.swift */,
			);
			path = Cells;
			sourceTree = "<group>";
		};
		818C78172A20A1640048FFBB /* Extensions */ = {
			isa = PBXGroup;
			children = (
				818C78182A20A17A0048FFBB /* UITableViewCell+Ext.swift */,
				818C782C2A20AE7D0048FFBB /* Combine+Networking.swift */,
				818F23292A239A7E00C68A37 /* String+Ext.swift */,
			);
			path = Extensions;
			sourceTree = "<group>";
		};
		818C781A2A20A7F50048FFBB /* Base */ = {
			isa = PBXGroup;
			children = (
				818C781B2A20A8010048FFBB /* Endpoint.swift */,
				818C781D2A20A8380048FFBB /* RequestMethod.swift */,
				818C781F2A20A86D0048FFBB /* AccountsEndpoint.swift */,
				818C78242A20ABE80048FFBB /* RequestError.swift */,
				818C783E2A20E5310048FFBB /* Authorization.swift */,
			);
			path = Base;
			sourceTree = "<group>";
		};
		818C78212A20AABC0048FFBB /* Clent */ = {
			isa = PBXGroup;
			children = (
				818C78222A20AACD0048FFBB /* HTTPClient.swift */,
			);
			path = Clent;
			sourceTree = "<group>";
		};
		818C78262A20AC390048FFBB /* UseCases */ = {
			isa = PBXGroup;
			children = (
				818C78272A20AC500048FFBB /* FetchAccountsUC.swift */,
				818C78372A20DAE20048FFBB /* FetchAccountDetailsUC.swift */,
				81FEAB972A21173300DBE544 /* FetchTransactionsUC.swift */,
			);
			path = UseCases;
			sourceTree = "<group>";
		};
		818C78292A20AC670048FFBB /* Repositories */ = {
			isa = PBXGroup;
			children = (
				818C782A2A20AC740048FFBB /* AccountsRepo.swift */,
			);
			path = Repositories;
			sourceTree = "<group>";
		};
		818C782E2A20B8EE0048FFBB /* DependencyInjection */ = {
			isa = PBXGroup;
			children = (
				818C782F2A20B91A0048FFBB /* DependencyContainer.swift */,
				818C78312A20B9870048FFBB /* DInjection.swift */,
				818C78332A20BA150048FFBB /* Injected.swift */,
			);
			path = DependencyInjection;
			sourceTree = "<group>";
		};
		818C78392A20DB5B0048FFBB /* Account Details */ = {
			isa = PBXGroup;
			children = (
				818C783A2A20DB780048FFBB /* AccountDetailsViewController.swift */,
				818C783C2A20DB870048FFBB /* AccountDetailsVM.swift */,
			);
			path = "Account Details";
			sourceTree = "<group>";
		};
		93E423732A2626DC007C3ACE /* Core Data */ = {
			isa = PBXGroup;
			children = (
				93E423742A2626EE007C3ACE /* CoreDataManager.swift */,
			);
			path = "Core Data";
			sourceTree = "<group>";
		};
/* End PBXGroup section */

/* Begin PBXNativeTarget section */
		818C77F42A2085200048FFBB /* advantange-asignment */ = {
			isa = PBXNativeTarget;
			buildConfigurationList = 818C78092A2085220048FFBB /* Build configuration list for PBXNativeTarget "advantange-asignment" */;
			buildPhases = (
				818C77F12A2085200048FFBB /* Sources */,
				818C77F22A2085200048FFBB /* Frameworks */,
				818C77F32A2085200048FFBB /* Resources */,
			);
			buildRules = (
			);
			dependencies = (
			);
			name = "advantange-asignment";
			productName = "advantange-asignment";
			productReference = 818C77F52A2085200048FFBB /* advantange-asignment.app */;
			productType = "com.apple.product-type.application";
		};
/* End PBXNativeTarget section */

/* Begin PBXProject section */
		818C77ED2A2085200048FFBB /* Project object */ = {
			isa = PBXProject;
			attributes = {
				BuildIndependentTargetsInParallel = 1;
				LastSwiftUpdateCheck = 1420;
				LastUpgradeCheck = 1420;
				TargetAttributes = {
					818C77F42A2085200048FFBB = {
						CreatedOnToolsVersion = 14.2;
					};
				};
			};
			buildConfigurationList = 818C77F02A2085200048FFBB /* Build configuration list for PBXProject "advantange-asignment" */;
			compatibilityVersion = "Xcode 14.0";
			developmentRegion = en;
			hasScannedForEncodings = 0;
			knownRegions = (
				en,
				Base,
			);
			mainGroup = 818C77EC2A2085200048FFBB;
			productRefGroup = 818C77F62A2085200048FFBB /* Products */;
			projectDirPath = "";
			projectRoot = "";
			targets = (
				818C77F42A2085200048FFBB /* advantange-asignment */,
			);
		};
/* End PBXProject section */

/* Begin PBXResourcesBuildPhase section */
		818C77F32A2085200048FFBB /* Resources */ = {
			isa = PBXResourcesBuildPhase;
			buildActionMask = 2147483647;
			files = (
				818C78052A2085220048FFBB /* LaunchScreen.storyboard in Resources */,
				818C78022A2085220048FFBB /* Assets.xcassets in Resources */,
			);
			runOnlyForDeploymentPostprocessing = 0;
		};
/* End PBXResourcesBuildPhase section */

/* Begin PBXSourcesBuildPhase section */
		818C77F12A2085200048FFBB /* Sources */ = {
			isa = PBXSourcesBuildPhase;
			buildActionMask = 2147483647;
			files = (
				81DCD46F2A220C7A000D6542 /* TransactionCellTableViewCell.swift in Sources */,
				818C78322A20B9870048FFBB /* DInjection.swift in Sources */,
				818C77FD2A2085200048FFBB /* AccountsListViewController.swift in Sources */,
				818C78132A208A230048FFBB /* APIAccount.swift in Sources */,
				818C781C2A20A8010048FFBB /* Endpoint.swift in Sources */,
				81FEAB982A21173300DBE544 /* FetchTransactionsUC.swift in Sources */,
				818C77F92A2085200048FFBB /* AppDelegate.swift in Sources */,
				818C780F2A2087A70048FFBB /* AccountsListVM.swift in Sources */,
				818C78192A20A17A0048FFBB /* UITableViewCell+Ext.swift in Sources */,
				818C78302A20B91A0048FFBB /* DependencyContainer.swift in Sources */,
				818C783B2A20DB780048FFBB /* AccountDetailsViewController.swift in Sources */,
				818C78232A20AACD0048FFBB /* HTTPClient.swift in Sources */,
				818C782D2A20AE7D0048FFBB /* Combine+Networking.swift in Sources */,
				818C782B2A20AC740048FFBB /* AccountsRepo.swift in Sources */,
				818C78382A20DAE20048FFBB /* FetchAccountDetailsUC.swift in Sources */,
				81DCD46B2A21F571000D6542 /* AccountDetailsCell.swift in Sources */,
				818C78362A20D9410048FFBB /* APIAccountDetails.swift in Sources */,
				818C78342A20BA150048FFBB /* Injected.swift in Sources */,
				81DCD4692A21F4E7000D6542 /* AccountDetailsModel.swift in Sources */,
				818C77FB2A2085200048FFBB /* SceneDelegate.swift in Sources */,
				818C78252A20ABE80048FFBB /* RequestError.swift in Sources */,
				93E423752A2626EE007C3ACE /* CoreDataManager.swift in Sources */,
				818C783F2A20E5310048FFBB /* Authorization.swift in Sources */,
				810095A52A21EA2400ACC526 /* AccountModel.swift in Sources */,
				81FEAB962A21153100DBE544 /* APITransactionsResponse.swift in Sources */,
				818C781E2A20A8380048FFBB /* RequestMethod.swift in Sources */,
				818C78282A20AC500048FFBB /* FetchAccountsUC.swift in Sources */,
				819E76C72A2240C200626536 /* TransactionsResponseModel.swift in Sources */,
				818C78202A20A86D0048FFBB /* AccountsEndpoint.swift in Sources */,
				818C78162A20925E0048FFBB /* AccountCell.swift in Sources */,
				818C783D2A20DB870048FFBB /* AccountDetailsVM.swift in Sources */,
				818F232A2A239A7E00C68A37 /* String+Ext.swift in Sources */,
				810095A12A21E13C00ACC526 /* CustomElementType.swift in Sources */,
				93E423782A262771007C3ACE /* AdvantageDataModel.xcdatamodeld in Sources */,
			);
			runOnlyForDeploymentPostprocessing = 0;
		};
/* End PBXSourcesBuildPhase section */

/* Begin PBXVariantGroup section */
		818C78032A2085220048FFBB /* LaunchScreen.storyboard */ = {
			isa = PBXVariantGroup;
			children = (
				818C78042A2085220048FFBB /* Base */,
			);
			name = LaunchScreen.storyboard;
			sourceTree = "<group>";
		};
/* End PBXVariantGroup section */

/* Begin XCBuildConfiguration section */
		818C78072A2085220048FFBB /* Debug */ = {
			isa = XCBuildConfiguration;
			buildSettings = {
				ALWAYS_SEARCH_USER_PATHS = NO;
				CLANG_ANALYZER_NONNULL = YES;
				CLANG_ANALYZER_NUMBER_OBJECT_CONVERSION = YES_AGGRESSIVE;
				CLANG_CXX_LANGUAGE_STANDARD = "gnu++20";
				CLANG_ENABLE_MODULES = YES;
				CLANG_ENABLE_OBJC_ARC = YES;
				CLANG_ENABLE_OBJC_WEAK = YES;
				CLANG_WARN_BLOCK_CAPTURE_AUTORELEASING = YES;
				CLANG_WARN_BOOL_CONVERSION = YES;
				CLANG_WARN_COMMA = YES;
				CLANG_WARN_CONSTANT_CONVERSION = YES;
				CLANG_WARN_DEPRECATED_OBJC_IMPLEMENTATIONS = YES;
				CLANG_WARN_DIRECT_OBJC_ISA_USAGE = YES_ERROR;
				CLANG_WARN_DOCUMENTATION_COMMENTS = YES;
				CLANG_WARN_EMPTY_BODY = YES;
				CLANG_WARN_ENUM_CONVERSION = YES;
				CLANG_WARN_INFINITE_RECURSION = YES;
				CLANG_WARN_INT_CONVERSION = YES;
				CLANG_WARN_NON_LITERAL_NULL_CONVERSION = YES;
				CLANG_WARN_OBJC_IMPLICIT_RETAIN_SELF = YES;
				CLANG_WARN_OBJC_LITERAL_CONVERSION = YES;
				CLANG_WARN_OBJC_ROOT_CLASS = YES_ERROR;
				CLANG_WARN_QUOTED_INCLUDE_IN_FRAMEWORK_HEADER = YES;
				CLANG_WARN_RANGE_LOOP_ANALYSIS = YES;
				CLANG_WARN_STRICT_PROTOTYPES = YES;
				CLANG_WARN_SUSPICIOUS_MOVE = YES;
				CLANG_WARN_UNGUARDED_AVAILABILITY = YES_AGGRESSIVE;
				CLANG_WARN_UNREACHABLE_CODE = YES;
				CLANG_WARN__DUPLICATE_METHOD_MATCH = YES;
				COPY_PHASE_STRIP = NO;
				DEBUG_INFORMATION_FORMAT = dwarf;
				ENABLE_STRICT_OBJC_MSGSEND = YES;
				ENABLE_TESTABILITY = YES;
				GCC_C_LANGUAGE_STANDARD = gnu11;
				GCC_DYNAMIC_NO_PIC = NO;
				GCC_NO_COMMON_BLOCKS = YES;
				GCC_OPTIMIZATION_LEVEL = 0;
				GCC_PREPROCESSOR_DEFINITIONS = (
					"DEBUG=1",
					"$(inherited)",
				);
				GCC_WARN_64_TO_32_BIT_CONVERSION = YES;
				GCC_WARN_ABOUT_RETURN_TYPE = YES_ERROR;
				GCC_WARN_UNDECLARED_SELECTOR = YES;
				GCC_WARN_UNINITIALIZED_AUTOS = YES_AGGRESSIVE;
				GCC_WARN_UNUSED_FUNCTION = YES;
				GCC_WARN_UNUSED_VARIABLE = YES;
				IPHONEOS_DEPLOYMENT_TARGET = 16.2;
				MTL_ENABLE_DEBUG_INFO = INCLUDE_SOURCE;
				MTL_FAST_MATH = YES;
				ONLY_ACTIVE_ARCH = YES;
				SDKROOT = iphoneos;
				SWIFT_ACTIVE_COMPILATION_CONDITIONS = DEBUG;
				SWIFT_OPTIMIZATION_LEVEL = "-Onone";
			};
			name = Debug;
		};
		818C78082A2085220048FFBB /* Release */ = {
			isa = XCBuildConfiguration;
			buildSettings = {
				ALWAYS_SEARCH_USER_PATHS = NO;
				CLANG_ANALYZER_NONNULL = YES;
				CLANG_ANALYZER_NUMBER_OBJECT_CONVERSION = YES_AGGRESSIVE;
				CLANG_CXX_LANGUAGE_STANDARD = "gnu++20";
				CLANG_ENABLE_MODULES = YES;
				CLANG_ENABLE_OBJC_ARC = YES;
				CLANG_ENABLE_OBJC_WEAK = YES;
				CLANG_WARN_BLOCK_CAPTURE_AUTORELEASING = YES;
				CLANG_WARN_BOOL_CONVERSION = YES;
				CLANG_WARN_COMMA = YES;
				CLANG_WARN_CONSTANT_CONVERSION = YES;
				CLANG_WARN_DEPRECATED_OBJC_IMPLEMENTATIONS = YES;
				CLANG_WARN_DIRECT_OBJC_ISA_USAGE = YES_ERROR;
				CLANG_WARN_DOCUMENTATION_COMMENTS = YES;
				CLANG_WARN_EMPTY_BODY = YES;
				CLANG_WARN_ENUM_CONVERSION = YES;
				CLANG_WARN_INFINITE_RECURSION = YES;
				CLANG_WARN_INT_CONVERSION = YES;
				CLANG_WARN_NON_LITERAL_NULL_CONVERSION = YES;
				CLANG_WARN_OBJC_IMPLICIT_RETAIN_SELF = YES;
				CLANG_WARN_OBJC_LITERAL_CONVERSION = YES;
				CLANG_WARN_OBJC_ROOT_CLASS = YES_ERROR;
				CLANG_WARN_QUOTED_INCLUDE_IN_FRAMEWORK_HEADER = YES;
				CLANG_WARN_RANGE_LOOP_ANALYSIS = YES;
				CLANG_WARN_STRICT_PROTOTYPES = YES;
				CLANG_WARN_SUSPICIOUS_MOVE = YES;
				CLANG_WARN_UNGUARDED_AVAILABILITY = YES_AGGRESSIVE;
				CLANG_WARN_UNREACHABLE_CODE = YES;
				CLANG_WARN__DUPLICATE_METHOD_MATCH = YES;
				COPY_PHASE_STRIP = NO;
				DEBUG_INFORMATION_FORMAT = "dwarf-with-dsym";
				ENABLE_NS_ASSERTIONS = NO;
				ENABLE_STRICT_OBJC_MSGSEND = YES;
				GCC_C_LANGUAGE_STANDARD = gnu11;
				GCC_NO_COMMON_BLOCKS = YES;
				GCC_WARN_64_TO_32_BIT_CONVERSION = YES;
				GCC_WARN_ABOUT_RETURN_TYPE = YES_ERROR;
				GCC_WARN_UNDECLARED_SELECTOR = YES;
				GCC_WARN_UNINITIALIZED_AUTOS = YES_AGGRESSIVE;
				GCC_WARN_UNUSED_FUNCTION = YES;
				GCC_WARN_UNUSED_VARIABLE = YES;
				IPHONEOS_DEPLOYMENT_TARGET = 16.2;
				MTL_ENABLE_DEBUG_INFO = NO;
				MTL_FAST_MATH = YES;
				SDKROOT = iphoneos;
				SWIFT_COMPILATION_MODE = wholemodule;
				SWIFT_OPTIMIZATION_LEVEL = "-O";
				VALIDATE_PRODUCT = YES;
			};
			name = Release;
		};
		818C780A2A2085220048FFBB /* Debug */ = {
			isa = XCBuildConfiguration;
			buildSettings = {
				ASSETCATALOG_COMPILER_APPICON_NAME = AppIcon;
				ASSETCATALOG_COMPILER_GLOBAL_ACCENT_COLOR_NAME = AccentColor;
				CODE_SIGN_STYLE = Automatic;
				CURRENT_PROJECT_VERSION = 1;
				GENERATE_INFOPLIST_FILE = YES;
				INFOPLIST_FILE = "advantange-asignment/Info.plist";
				INFOPLIST_KEY_UIApplicationSupportsIndirectInputEvents = YES;
				INFOPLIST_KEY_UILaunchStoryboardName = LaunchScreen;
				INFOPLIST_KEY_UISupportedInterfaceOrientations_iPad = "UIInterfaceOrientationPortrait UIInterfaceOrientationPortraitUpsideDown UIInterfaceOrientationLandscapeLeft UIInterfaceOrientationLandscapeRight";
				INFOPLIST_KEY_UISupportedInterfaceOrientations_iPhone = "UIInterfaceOrientationPortrait UIInterfaceOrientationLandscapeLeft UIInterfaceOrientationLandscapeRight";
				LD_RUNPATH_SEARCH_PATHS = (
					"$(inherited)",
					"@executable_path/Frameworks",
				);
				MARKETING_VERSION = 1.0;
				PRODUCT_BUNDLE_IDENTIFIER = "com.eliamyro.advantange-asignment";
				PRODUCT_NAME = "$(TARGET_NAME)";
				SWIFT_EMIT_LOC_STRINGS = YES;
				SWIFT_VERSION = 5.0;
				TARGETED_DEVICE_FAMILY = "1,2";
			};
			name = Debug;
		};
		818C780B2A2085220048FFBB /* Release */ = {
			isa = XCBuildConfiguration;
			buildSettings = {
				ASSETCATALOG_COMPILER_APPICON_NAME = AppIcon;
				ASSETCATALOG_COMPILER_GLOBAL_ACCENT_COLOR_NAME = AccentColor;
				CODE_SIGN_STYLE = Automatic;
				CURRENT_PROJECT_VERSION = 1;
				GENERATE_INFOPLIST_FILE = YES;
				INFOPLIST_FILE = "advantange-asignment/Info.plist";
				INFOPLIST_KEY_UIApplicationSupportsIndirectInputEvents = YES;
				INFOPLIST_KEY_UILaunchStoryboardName = LaunchScreen;
				INFOPLIST_KEY_UISupportedInterfaceOrientations_iPad = "UIInterfaceOrientationPortrait UIInterfaceOrientationPortraitUpsideDown UIInterfaceOrientationLandscapeLeft UIInterfaceOrientationLandscapeRight";
				INFOPLIST_KEY_UISupportedInterfaceOrientations_iPhone = "UIInterfaceOrientationPortrait UIInterfaceOrientationLandscapeLeft UIInterfaceOrientationLandscapeRight";
				LD_RUNPATH_SEARCH_PATHS = (
					"$(inherited)",
					"@executable_path/Frameworks",
				);
				MARKETING_VERSION = 1.0;
				PRODUCT_BUNDLE_IDENTIFIER = "com.eliamyro.advantange-asignment";
				PRODUCT_NAME = "$(TARGET_NAME)";
				SWIFT_EMIT_LOC_STRINGS = YES;
				SWIFT_VERSION = 5.0;
				TARGETED_DEVICE_FAMILY = "1,2";
			};
			name = Release;
		};
/* End XCBuildConfiguration section */

/* Begin XCConfigurationList section */
		818C77F02A2085200048FFBB /* Build configuration list for PBXProject "advantange-asignment" */ = {
			isa = XCConfigurationList;
			buildConfigurations = (
				818C78072A2085220048FFBB /* Debug */,
				818C78082A2085220048FFBB /* Release */,
			);
			defaultConfigurationIsVisible = 0;
			defaultConfigurationName = Release;
		};
		818C78092A2085220048FFBB /* Build configuration list for PBXNativeTarget "advantange-asignment" */ = {
			isa = XCConfigurationList;
			buildConfigurations = (
				818C780A2A2085220048FFBB /* Debug */,
				818C780B2A2085220048FFBB /* Release */,
			);
			defaultConfigurationIsVisible = 0;
			defaultConfigurationName = Release;
		};
/* End XCConfigurationList section */

/* Begin XCVersionGroup section */
		93E423762A262771007C3ACE /* AdvantageDataModel.xcdatamodeld */ = {
			isa = XCVersionGroup;
			children = (
				93E423772A262771007C3ACE /* AdvantageDataModel.xcdatamodel */,
			);
			currentVersion = 93E423772A262771007C3ACE /* AdvantageDataModel.xcdatamodel */;
			path = AdvantageDataModel.xcdatamodeld;
			sourceTree = "<group>";
			versionGroupType = wrapper.xcdatamodel;
		};
/* End XCVersionGroup section */
	};
	rootObject = 818C77ED2A2085200048FFBB /* Project object */;
}
